// !$*UTF8*$!
{
	archiveVersion = 1;
	classes = {
	};
	objectVersion = 55;
	objects = {

/* Begin PBXBuildFile section */
		FC020044281C5A3800BFC24B /* vkApiService.swift in Sources */ = {isa = PBXBuildFile; fileRef = FC020043281C5A3800BFC24B /* vkApiService.swift */; };
		FC020046281C635100BFC24B /* AppState.swift in Sources */ = {isa = PBXBuildFile; fileRef = FC020045281C635100BFC24B /* AppState.swift */; };
		FCA002B9281C0BEB0036EF39 /* VKVideoApp.swift in Sources */ = {isa = PBXBuildFile; fileRef = FCA002B8281C0BEB0036EF39 /* VKVideoApp.swift */; };
		FCA002BB281C0BEB0036EF39 /* AuthView.swift in Sources */ = {isa = PBXBuildFile; fileRef = FCA002BA281C0BEB0036EF39 /* AuthView.swift */; };
		FCA002BD281C0BED0036EF39 /* Assets.xcassets in Resources */ = {isa = PBXBuildFile; fileRef = FCA002BC281C0BED0036EF39 /* Assets.xcassets */; };
		FCA002C0281C0BED0036EF39 /* Preview Assets.xcassets in Resources */ = {isa = PBXBuildFile; fileRef = FCA002BF281C0BED0036EF39 /* Preview Assets.xcassets */; };
		FCA002CA281C0BED0036EF39 /* VKVideoTests.swift in Sources */ = {isa = PBXBuildFile; fileRef = FCA002C9281C0BED0036EF39 /* VKVideoTests.swift */; };
		FCA002D4281C0BEE0036EF39 /* VKVideoUITests.swift in Sources */ = {isa = PBXBuildFile; fileRef = FCA002D3281C0BEE0036EF39 /* VKVideoUITests.swift */; };
		FCA002D6281C0BEE0036EF39 /* VKVideoUITestsLaunchTests.swift in Sources */ = {isa = PBXBuildFile; fileRef = FCA002D5281C0BEE0036EF39 /* VKVideoUITestsLaunchTests.swift */; };
		FCA002ED281C28C60036EF39 /* AuthViewModel.swift in Sources */ = {isa = PBXBuildFile; fileRef = FCA002EC281C28C60036EF39 /* AuthViewModel.swift */; };
		FCA002F6281C2E9B0036EF39 /* SplashView.swift in Sources */ = {isa = PBXBuildFile; fileRef = FCA002F5281C2E9B0036EF39 /* SplashView.swift */; };
		FCA002F8281C2EBE0036EF39 /* SplashViewModel.swift in Sources */ = {isa = PBXBuildFile; fileRef = FCA002F7281C2EBE0036EF39 /* SplashViewModel.swift */; };
		FCA002FC281C3E580036EF39 /* MainView.swift in Sources */ = {isa = PBXBuildFile; fileRef = FCA002FA281C3E090036EF39 /* MainView.swift */; };
		FCA002FD281C3E5A0036EF39 /* MainViewModel.swift in Sources */ = {isa = PBXBuildFile; fileRef = FCA002FB281C3E090036EF39 /* MainViewModel.swift */; };
/* End PBXBuildFile section */

/* Begin PBXContainerItemProxy section */
		FCA002C6281C0BED0036EF39 /* PBXContainerItemProxy */ = {
			isa = PBXContainerItemProxy;
			containerPortal = FCA002AD281C0BEB0036EF39 /* Project object */;
			proxyType = 1;
			remoteGlobalIDString = FCA002B4281C0BEB0036EF39;
			remoteInfo = VKVideo;
		};
		FCA002D0281C0BEE0036EF39 /* PBXContainerItemProxy */ = {
			isa = PBXContainerItemProxy;
			containerPortal = FCA002AD281C0BEB0036EF39 /* Project object */;
			proxyType = 1;
			remoteGlobalIDString = FCA002B4281C0BEB0036EF39;
			remoteInfo = VKVideo;
		};
/* End PBXContainerItemProxy section */

/* Begin PBXFileReference section */
		FC020043281C5A3800BFC24B /* vkApiService.swift */ = {isa = PBXFileReference; lastKnownFileType = sourcecode.swift; path = vkApiService.swift; sourceTree = "<group>"; };
		FC020045281C635100BFC24B /* AppState.swift */ = {isa = PBXFileReference; lastKnownFileType = sourcecode.swift; path = AppState.swift; sourceTree = "<group>"; };
		FC020047281C695400BFC24B /* Info.plist */ = {isa = PBXFileReference; lastKnownFileType = text.plist; path = Info.plist; sourceTree = "<group>"; };
		FCA002B5281C0BEB0036EF39 /* VKVideo.app */ = {isa = PBXFileReference; explicitFileType = wrapper.application; includeInIndex = 0; path = VKVideo.app; sourceTree = BUILT_PRODUCTS_DIR; };
		FCA002B8281C0BEB0036EF39 /* VKVideoApp.swift */ = {isa = PBXFileReference; lastKnownFileType = sourcecode.swift; path = VKVideoApp.swift; sourceTree = "<group>"; };
		FCA002BA281C0BEB0036EF39 /* AuthView.swift */ = {isa = PBXFileReference; lastKnownFileType = sourcecode.swift; path = AuthView.swift; sourceTree = "<group>"; };
		FCA002BC281C0BED0036EF39 /* Assets.xcassets */ = {isa = PBXFileReference; lastKnownFileType = folder.assetcatalog; path = Assets.xcassets; sourceTree = "<group>"; };
		FCA002BF281C0BED0036EF39 /* Preview Assets.xcassets */ = {isa = PBXFileReference; lastKnownFileType = folder.assetcatalog; path = "Preview Assets.xcassets"; sourceTree = "<group>"; };
		FCA002C5281C0BED0036EF39 /* VKVideoTests.xctest */ = {isa = PBXFileReference; explicitFileType = wrapper.cfbundle; includeInIndex = 0; path = VKVideoTests.xctest; sourceTree = BUILT_PRODUCTS_DIR; };
		FCA002C9281C0BED0036EF39 /* VKVideoTests.swift */ = {isa = PBXFileReference; lastKnownFileType = sourcecode.swift; path = VKVideoTests.swift; sourceTree = "<group>"; };
		FCA002CF281C0BEE0036EF39 /* VKVideoUITests.xctest */ = {isa = PBXFileReference; explicitFileType = wrapper.cfbundle; includeInIndex = 0; path = VKVideoUITests.xctest; sourceTree = BUILT_PRODUCTS_DIR; };
		FCA002D3281C0BEE0036EF39 /* VKVideoUITests.swift */ = {isa = PBXFileReference; lastKnownFileType = sourcecode.swift; path = VKVideoUITests.swift; sourceTree = "<group>"; };
		FCA002D5281C0BEE0036EF39 /* VKVideoUITestsLaunchTests.swift */ = {isa = PBXFileReference; lastKnownFileType = sourcecode.swift; path = VKVideoUITestsLaunchTests.swift; sourceTree = "<group>"; };
		FCA002EC281C28C60036EF39 /* AuthViewModel.swift */ = {isa = PBXFileReference; lastKnownFileType = sourcecode.swift; path = AuthViewModel.swift; sourceTree = "<group>"; };
		FCA002F5281C2E9B0036EF39 /* SplashView.swift */ = {isa = PBXFileReference; lastKnownFileType = sourcecode.swift; path = SplashView.swift; sourceTree = "<group>"; };
		FCA002F7281C2EBE0036EF39 /* SplashViewModel.swift */ = {isa = PBXFileReference; lastKnownFileType = sourcecode.swift; path = SplashViewModel.swift; sourceTree = "<group>"; };
		FCA002FA281C3E090036EF39 /* MainView.swift */ = {isa = PBXFileReference; lastKnownFileType = sourcecode.swift; path = MainView.swift; sourceTree = "<group>"; };
		FCA002FB281C3E090036EF39 /* MainViewModel.swift */ = {isa = PBXFileReference; lastKnownFileType = sourcecode.swift; path = MainViewModel.swift; sourceTree = "<group>"; };
/* End PBXFileReference section */

/* Begin PBXFrameworksBuildPhase section */
		FCA002B2281C0BEB0036EF39 /* Frameworks */ = {
			isa = PBXFrameworksBuildPhase;
			buildActionMask = 2147483647;
			files = (
			);
			runOnlyForDeploymentPostprocessing = 0;
		};
		FCA002C2281C0BED0036EF39 /* Frameworks */ = {
			isa = PBXFrameworksBuildPhase;
			buildActionMask = 2147483647;
			files = (
			);
			runOnlyForDeploymentPostprocessing = 0;
		};
		FCA002CC281C0BEE0036EF39 /* Frameworks */ = {
			isa = PBXFrameworksBuildPhase;
			buildActionMask = 2147483647;
			files = (
			);
			runOnlyForDeploymentPostprocessing = 0;
		};
/* End PBXFrameworksBuildPhase section */

/* Begin PBXGroup section */
		FCA002AC281C0BEB0036EF39 = {
			isa = PBXGroup;
			children = (
				FCA002B7281C0BEB0036EF39 /* VKVideo */,
				FCA002C8281C0BED0036EF39 /* VKVideoTests */,
				FCA002D2281C0BEE0036EF39 /* VKVideoUITests */,
				FCA002B6281C0BEB0036EF39 /* Products */,
			);
			sourceTree = "<group>";
		};
		FCA002B6281C0BEB0036EF39 /* Products */ = {
			isa = PBXGroup;
			children = (
				FCA002B5281C0BEB0036EF39 /* VKVideo.app */,
				FCA002C5281C0BED0036EF39 /* VKVideoTests.xctest */,
				FCA002CF281C0BEE0036EF39 /* VKVideoUITests.xctest */,
			);
			name = Products;
			sourceTree = "<group>";
		};
		FCA002B7281C0BEB0036EF39 /* VKVideo */ = {
			isa = PBXGroup;
			children = (
				FC020047281C695400BFC24B /* Info.plist */,
				FCA002FE281C59F90036EF39 /* Service */,
				FCA002F9281C3DED0036EF39 /* Main */,
				FCA002E2281C0C550036EF39 /* Auth */,
				FCA002F4281C2E900036EF39 /* Splash */,
				FCA002B8281C0BEB0036EF39 /* VKVideoApp.swift */,
				FC020045281C635100BFC24B /* AppState.swift */,
				FCA002BC281C0BED0036EF39 /* Assets.xcassets */,
				FCA002BE281C0BED0036EF39 /* Preview Content */,
			);
			path = VKVideo;
			sourceTree = "<group>";
		};
		FCA002BE281C0BED0036EF39 /* Preview Content */ = {
			isa = PBXGroup;
			children = (
				FCA002BF281C0BED0036EF39 /* Preview Assets.xcassets */,
			);
			path = "Preview Content";
			sourceTree = "<group>";
		};
		FCA002C8281C0BED0036EF39 /* VKVideoTests */ = {
			isa = PBXGroup;
			children = (
				FCA002C9281C0BED0036EF39 /* VKVideoTests.swift */,
			);
			path = VKVideoTests;
			sourceTree = "<group>";
		};
		FCA002D2281C0BEE0036EF39 /* VKVideoUITests */ = {
			isa = PBXGroup;
			children = (
				FCA002D3281C0BEE0036EF39 /* VKVideoUITests.swift */,
				FCA002D5281C0BEE0036EF39 /* VKVideoUITestsLaunchTests.swift */,
			);
			path = VKVideoUITests;
			sourceTree = "<group>";
		};
		FCA002E2281C0C550036EF39 /* Auth */ = {
			isa = PBXGroup;
			children = (
				FCA002EC281C28C60036EF39 /* AuthViewModel.swift */,
				FCA002BA281C0BEB0036EF39 /* AuthView.swift */,
			);
			path = Auth;
			sourceTree = "<group>";
		};
		FCA002F4281C2E900036EF39 /* Splash */ = {
			isa = PBXGroup;
			children = (
				FCA002F7281C2EBE0036EF39 /* SplashViewModel.swift */,
				FCA002F5281C2E9B0036EF39 /* SplashView.swift */,
			);
			path = Splash;
			sourceTree = "<group>";
		};
		FCA002F9281C3DED0036EF39 /* Main */ = {
			isa = PBXGroup;
			children = (
				FCA002FA281C3E090036EF39 /* MainView.swift */,
				FCA002FB281C3E090036EF39 /* MainViewModel.swift */,
			);
			path = Main;
			sourceTree = "<group>";
		};
		FCA002FE281C59F90036EF39 /* Service */ = {
			isa = PBXGroup;
			children = (
				FC020043281C5A3800BFC24B /* vkApiService.swift */,
			);
			path = Service;
			sourceTree = "<group>";
		};
/* End PBXGroup section */

/* Begin PBXNativeTarget section */
		FCA002B4281C0BEB0036EF39 /* VKVideo */ = {
			isa = PBXNativeTarget;
			buildConfigurationList = FCA002D9281C0BEE0036EF39 /* Build configuration list for PBXNativeTarget "VKVideo" */;
			buildPhases = (
				FCA002B1281C0BEB0036EF39 /* Sources */,
				FCA002B2281C0BEB0036EF39 /* Frameworks */,
				FCA002B3281C0BEB0036EF39 /* Resources */,
			);
			buildRules = (
			);
			dependencies = (
			);
			name = VKVideo;
			packageProductDependencies = (
			);
			productName = VKVideo;
			productReference = FCA002B5281C0BEB0036EF39 /* VKVideo.app */;
			productType = "com.apple.product-type.application";
		};
		FCA002C4281C0BED0036EF39 /* VKVideoTests */ = {
			isa = PBXNativeTarget;
			buildConfigurationList = FCA002DC281C0BEE0036EF39 /* Build configuration list for PBXNativeTarget "VKVideoTests" */;
			buildPhases = (
				FCA002C1281C0BED0036EF39 /* Sources */,
				FCA002C2281C0BED0036EF39 /* Frameworks */,
				FCA002C3281C0BED0036EF39 /* Resources */,
			);
			buildRules = (
			);
			dependencies = (
				FCA002C7281C0BED0036EF39 /* PBXTargetDependency */,
			);
			name = VKVideoTests;
			productName = VKVideoTests;
			productReference = FCA002C5281C0BED0036EF39 /* VKVideoTests.xctest */;
			productType = "com.apple.product-type.bundle.unit-test";
		};
		FCA002CE281C0BEE0036EF39 /* VKVideoUITests */ = {
			isa = PBXNativeTarget;
			buildConfigurationList = FCA002DF281C0BEE0036EF39 /* Build configuration list for PBXNativeTarget "VKVideoUITests" */;
			buildPhases = (
				FCA002CB281C0BEE0036EF39 /* Sources */,
				FCA002CC281C0BEE0036EF39 /* Frameworks */,
				FCA002CD281C0BEE0036EF39 /* Resources */,
			);
			buildRules = (
			);
			dependencies = (
				FCA002D1281C0BEE0036EF39 /* PBXTargetDependency */,
			);
			name = VKVideoUITests;
			productName = VKVideoUITests;
			productReference = FCA002CF281C0BEE0036EF39 /* VKVideoUITests.xctest */;
			productType = "com.apple.product-type.bundle.ui-testing";
		};
/* End PBXNativeTarget section */

/* Begin PBXProject section */
		FCA002AD281C0BEB0036EF39 /* Project object */ = {
			isa = PBXProject;
			attributes = {
				BuildIndependentTargetsInParallel = 1;
				LastSwiftUpdateCheck = 1330;
				LastUpgradeCheck = 1330;
				TargetAttributes = {
					FCA002B4281C0BEB0036EF39 = {
						CreatedOnToolsVersion = 13.3.1;
					};
					FCA002C4281C0BED0036EF39 = {
						CreatedOnToolsVersion = 13.3.1;
						TestTargetID = FCA002B4281C0BEB0036EF39;
					};
					FCA002CE281C0BEE0036EF39 = {
						CreatedOnToolsVersion = 13.3.1;
						TestTargetID = FCA002B4281C0BEB0036EF39;
					};
				};
			};
			buildConfigurationList = FCA002B0281C0BEB0036EF39 /* Build configuration list for PBXProject "VKVideo" */;
			compatibilityVersion = "Xcode 13.0";
			developmentRegion = en;
			hasScannedForEncodings = 0;
			knownRegions = (
				en,
				Base,
			);
			mainGroup = FCA002AC281C0BEB0036EF39;
			packageReferences = (
			);
			productRefGroup = FCA002B6281C0BEB0036EF39 /* Products */;
			projectDirPath = "";
			projectRoot = "";
			targets = (
				FCA002B4281C0BEB0036EF39 /* VKVideo */,
				FCA002C4281C0BED0036EF39 /* VKVideoTests */,
				FCA002CE281C0BEE0036EF39 /* VKVideoUITests */,
			);
		};
/* End PBXProject section */

/* Begin PBXResourcesBuildPhase section */
		FCA002B3281C0BEB0036EF39 /* Resources */ = {
			isa = PBXResourcesBuildPhase;
			buildActionMask = 2147483647;
			files = (
				FCA002C0281C0BED0036EF39 /* Preview Assets.xcassets in Resources */,
				FCA002BD281C0BED0036EF39 /* Assets.xcassets in Resources */,
			);
			runOnlyForDeploymentPostprocessing = 0;
		};
		FCA002C3281C0BED0036EF39 /* Resources */ = {
			isa = PBXResourcesBuildPhase;
			buildActionMask = 2147483647;
			files = (
			);
			runOnlyForDeploymentPostprocessing = 0;
		};
		FCA002CD281C0BEE0036EF39 /* Resources */ = {
			isa = PBXResourcesBuildPhase;
			buildActionMask = 2147483647;
			files = (
			);
			runOnlyForDeploymentPostprocessing = 0;
		};
/* End PBXResourcesBuildPhase section */

/* Begin PBXSourcesBuildPhase section */
		FCA002B1281C0BEB0036EF39 /* Sources */ = {
			isa = PBXSourcesBuildPhase;
			buildActionMask = 2147483647;
			files = (
				FCA002FD281C3E5A0036EF39 /* MainViewModel.swift in Sources */,
				FC020044281C5A3800BFC24B /* vkApiService.swift in Sources */,
				FCA002F8281C2EBE0036EF39 /* SplashViewModel.swift in Sources */,
				FC020046281C635100BFC24B /* AppState.swift in Sources */,
				FCA002FC281C3E580036EF39 /* MainView.swift in Sources */,
				FCA002BB281C0BEB0036EF39 /* AuthView.swift in Sources */,
				FCA002F6281C2E9B0036EF39 /* SplashView.swift in Sources */,
				FCA002B9281C0BEB0036EF39 /* VKVideoApp.swift in Sources */,
				FCA002ED281C28C60036EF39 /* AuthViewModel.swift in Sources */,
			);
			runOnlyForDeploymentPostprocessing = 0;
		};
		FCA002C1281C0BED0036EF39 /* Sources */ = {
			isa = PBXSourcesBuildPhase;
			buildActionMask = 2147483647;
			files = (
				FCA002CA281C0BED0036EF39 /* VKVideoTests.swift in Sources */,
			);
			runOnlyForDeploymentPostprocessing = 0;
		};
		FCA002CB281C0BEE0036EF39 /* Sources */ = {
			isa = PBXSourcesBuildPhase;
			buildActionMask = 2147483647;
			files = (
				FCA002D4281C0BEE0036EF39 /* VKVideoUITests.swift in Sources */,
				FCA002D6281C0BEE0036EF39 /* VKVideoUITestsLaunchTests.swift in Sources */,
			);
			runOnlyForDeploymentPostprocessing = 0;
		};
/* End PBXSourcesBuildPhase section */

/* Begin PBXTargetDependency section */
		FCA002C7281C0BED0036EF39 /* PBXTargetDependency */ = {
			isa = PBXTargetDependency;
			target = FCA002B4281C0BEB0036EF39 /* VKVideo */;
			targetProxy = FCA002C6281C0BED0036EF39 /* PBXContainerItemProxy */;
		};
		FCA002D1281C0BEE0036EF39 /* PBXTargetDependency */ = {
			isa = PBXTargetDependency;
			target = FCA002B4281C0BEB0036EF39 /* VKVideo */;
			targetProxy = FCA002D0281C0BEE0036EF39 /* PBXContainerItemProxy */;
		};
/* End PBXTargetDependency section */

/* Begin XCBuildConfiguration section */
		FCA002D7281C0BEE0036EF39 /* Debug */ = {
			isa = XCBuildConfiguration;
			buildSettings = {
				ALWAYS_SEARCH_USER_PATHS = NO;
				CLANG_ANALYZER_NONNULL = YES;
				CLANG_ANALYZER_NUMBER_OBJECT_CONVERSION = YES_AGGRESSIVE;
				CLANG_CXX_LANGUAGE_STANDARD = "gnu++17";
				CLANG_ENABLE_MODULES = YES;
				CLANG_ENABLE_OBJC_ARC = YES;
				CLANG_ENABLE_OBJC_WEAK = YES;
				CLANG_WARN_BLOCK_CAPTURE_AUTORELEASING = YES;
				CLANG_WARN_BOOL_CONVERSION = YES;
				CLANG_WARN_COMMA = YES;
				CLANG_WARN_CONSTANT_CONVERSION = YES;
				CLANG_WARN_DEPRECATED_OBJC_IMPLEMENTATIONS = YES;
				CLANG_WARN_DIRECT_OBJC_ISA_USAGE = YES_ERROR;
				CLANG_WARN_DOCUMENTATION_COMMENTS = YES;
				CLANG_WARN_EMPTY_BODY = YES;
				CLANG_WARN_ENUM_CONVERSION = YES;
				CLANG_WARN_INFINITE_RECURSION = YES;
				CLANG_WARN_INT_CONVERSION = YES;
				CLANG_WARN_NON_LITERAL_NULL_CONVERSION = YES;
				CLANG_WARN_OBJC_IMPLICIT_RETAIN_SELF = YES;
				CLANG_WARN_OBJC_LITERAL_CONVERSION = YES;
				CLANG_WARN_OBJC_ROOT_CLASS = YES_ERROR;
				CLANG_WARN_QUOTED_INCLUDE_IN_FRAMEWORK_HEADER = YES;
				CLANG_WARN_RANGE_LOOP_ANALYSIS = YES;
				CLANG_WARN_STRICT_PROTOTYPES = YES;
				CLANG_WARN_SUSPICIOUS_MOVE = YES;
				CLANG_WARN_UNGUARDED_AVAILABILITY = YES_AGGRESSIVE;
				CLANG_WARN_UNREACHABLE_CODE = YES;
				CLANG_WARN__DUPLICATE_METHOD_MATCH = YES;
				COPY_PHASE_STRIP = NO;
				DEBUG_INFORMATION_FORMAT = dwarf;
				ENABLE_STRICT_OBJC_MSGSEND = YES;
				ENABLE_TESTABILITY = YES;
				GCC_C_LANGUAGE_STANDARD = gnu11;
				GCC_DYNAMIC_NO_PIC = NO;
				GCC_NO_COMMON_BLOCKS = YES;
				GCC_OPTIMIZATION_LEVEL = 0;
				GCC_PREPROCESSOR_DEFINITIONS = (
					"DEBUG=1",
					"$(inherited)",
				);
				GCC_WARN_64_TO_32_BIT_CONVERSION = YES;
				GCC_WARN_ABOUT_RETURN_TYPE = YES_ERROR;
				GCC_WARN_UNDECLARED_SELECTOR = YES;
				GCC_WARN_UNINITIALIZED_AUTOS = YES_AGGRESSIVE;
				GCC_WARN_UNUSED_FUNCTION = YES;
				GCC_WARN_UNUSED_VARIABLE = YES;
				IPHONEOS_DEPLOYMENT_TARGET = 15.4;
				MTL_ENABLE_DEBUG_INFO = INCLUDE_SOURCE;
				MTL_FAST_MATH = YES;
				ONLY_ACTIVE_ARCH = YES;
				SDKROOT = iphoneos;
				SWIFT_ACTIVE_COMPILATION_CONDITIONS = DEBUG;
				SWIFT_OPTIMIZATION_LEVEL = "-Onone";
			};
			name = Debug;
		};
		FCA002D8281C0BEE0036EF39 /* Release */ = {
			isa = XCBuildConfiguration;
			buildSettings = {
				ALWAYS_SEARCH_USER_PATHS = NO;
				CLANG_ANALYZER_NONNULL = YES;
				CLANG_ANALYZER_NUMBER_OBJECT_CONVERSION = YES_AGGRESSIVE;
				CLANG_CXX_LANGUAGE_STANDARD = "gnu++17";
				CLANG_ENABLE_MODULES = YES;
				CLANG_ENABLE_OBJC_ARC = YES;
				CLANG_ENABLE_OBJC_WEAK = YES;
				CLANG_WARN_BLOCK_CAPTURE_AUTORELEASING = YES;
				CLANG_WARN_BOOL_CONVERSION = YES;
				CLANG_WARN_COMMA = YES;
				CLANG_WARN_CONSTANT_CONVERSION = YES;
				CLANG_WARN_DEPRECATED_OBJC_IMPLEMENTATIONS = YES;
				CLANG_WARN_DIRECT_OBJC_ISA_USAGE = YES_ERROR;
				CLANG_WARN_DOCUMENTATION_COMMENTS = YES;
				CLANG_WARN_EMPTY_BODY = YES;
				CLANG_WARN_ENUM_CONVERSION = YES;
				CLANG_WARN_INFINITE_RECURSION = YES;
				CLANG_WARN_INT_CONVERSION = YES;
				CLANG_WARN_NON_LITERAL_NULL_CONVERSION = YES;
				CLANG_WARN_OBJC_IMPLICIT_RETAIN_SELF = YES;
				CLANG_WARN_OBJC_LITERAL_CONVERSION = YES;
				CLANG_WARN_OBJC_ROOT_CLASS = YES_ERROR;
				CLANG_WARN_QUOTED_INCLUDE_IN_FRAMEWORK_HEADER = YES;
				CLANG_WARN_RANGE_LOOP_ANALYSIS = YES;
				CLANG_WARN_STRICT_PROTOTYPES = YES;
				CLANG_WARN_SUSPICIOUS_MOVE = YES;
				CLANG_WARN_UNGUARDED_AVAILABILITY = YES_AGGRESSIVE;
				CLANG_WARN_UNREACHABLE_CODE = YES;
				CLANG_WARN__DUPLICATE_METHOD_MATCH = YES;
				COPY_PHASE_STRIP = NO;
				DEBUG_INFORMATION_FORMAT = "dwarf-with-dsym";
				ENABLE_NS_ASSERTIONS = NO;
				ENABLE_STRICT_OBJC_MSGSEND = YES;
				GCC_C_LANGUAGE_STANDARD = gnu11;
				GCC_NO_COMMON_BLOCKS = YES;
				GCC_WARN_64_TO_32_BIT_CONVERSION = YES;
				GCC_WARN_ABOUT_RETURN_TYPE = YES_ERROR;
				GCC_WARN_UNDECLARED_SELECTOR = YES;
				GCC_WARN_UNINITIALIZED_AUTOS = YES_AGGRESSIVE;
				GCC_WARN_UNUSED_FUNCTION = YES;
				GCC_WARN_UNUSED_VARIABLE = YES;
				IPHONEOS_DEPLOYMENT_TARGET = 15.4;
				MTL_ENABLE_DEBUG_INFO = NO;
				MTL_FAST_MATH = YES;
				SDKROOT = iphoneos;
				SWIFT_COMPILATION_MODE = wholemodule;
				SWIFT_OPTIMIZATION_LEVEL = "-O";
				VALIDATE_PRODUCT = YES;
			};
			name = Release;
		};
		FCA002DA281C0BEE0036EF39 /* Debug */ = {
			isa = XCBuildConfiguration;
			buildSettings = {
				ASSETCATALOG_COMPILER_APPICON_NAME = AppIcon;
				ASSETCATALOG_COMPILER_GLOBAL_ACCENT_COLOR_NAME = AccentColor;
				CODE_SIGN_STYLE = Automatic;
				CURRENT_PROJECT_VERSION = 1;
				DEVELOPMENT_ASSET_PATHS = "\"VKVideo/Preview Content\"";
				DEVELOPMENT_TEAM = 77YBT3FFXS;
				ENABLE_PREVIEWS = YES;
				GENERATE_INFOPLIST_FILE = YES;
				INFOPLIST_FILE = VKVideo/Info.plist;
				INFOPLIST_KEY_UIApplicationSceneManifest_Generation = YES;
				INFOPLIST_KEY_UIApplicationSupportsIndirectInputEvents = YES;
				INFOPLIST_KEY_UILaunchScreen_Generation = YES;
				INFOPLIST_KEY_UISupportedInterfaceOrientations_iPad = "UIInterfaceOrientationPortrait UIInterfaceOrientationPortraitUpsideDown UIInterfaceOrientationLandscapeLeft UIInterfaceOrientationLandscapeRight";
				INFOPLIST_KEY_UISupportedInterfaceOrientations_iPhone = "UIInterfaceOrientationPortrait UIInterfaceOrientationLandscapeLeft UIInterfaceOrientationLandscapeRight";
				LD_RUNPATH_SEARCH_PATHS = (
					"$(inherited)",
					"@executable_path/Frameworks",
				);
				MARKETING_VERSION = 1.0;
				PRODUCT_BUNDLE_IDENTIFIER = ru.uniqore.VKVideo;
				PRODUCT_NAME = "$(TARGET_NAME)";
				SWIFT_EMIT_LOC_STRINGS = YES;
				SWIFT_VERSION = 5.0;
				TARGETED_DEVICE_FAMILY = "1,2";
			};
			name = Debug;
		};
		FCA002DB281C0BEE0036EF39 /* Release */ = {
			isa = XCBuildConfiguration;
			buildSettings = {
				ASSETCATALOG_COMPILER_APPICON_NAME = AppIcon;
				ASSETCATALOG_COMPILER_GLOBAL_ACCENT_COLOR_NAME = AccentColor;
				CODE_SIGN_STYLE = Automatic;
				CURRENT_PROJECT_VERSION = 1;
				DEVELOPMENT_ASSET_PATHS = "\"VKVideo/Preview Content\"";
				DEVELOPMENT_TEAM = 77YBT3FFXS;
				ENABLE_PREVIEWS = YES;
				GENERATE_INFOPLIST_FILE = YES;
				INFOPLIST_FILE = VKVideo/Info.plist;
				INFOPLIST_KEY_UIApplicationSceneManifest_Generation = YES;
				INFOPLIST_KEY_UIApplicationSupportsIndirectInputEvents = YES;
				INFOPLIST_KEY_UILaunchScreen_Generation = YES;
				INFOPLIST_KEY_UISupportedInterfaceOrientations_iPad = "UIInterfaceOrientationPortrait UIInterfaceOrientationPortraitUpsideDown UIInterfaceOrientationLandscapeLeft UIInterfaceOrientationLandscapeRight";
				INFOPLIST_KEY_UISupportedInterfaceOrientations_iPhone = "UIInterfaceOrientationPortrait UIInterfaceOrientationLandscapeLeft UIInterfaceOrientationLandscapeRight";
				LD_RUNPATH_SEARCH_PATHS = (
					"$(inherited)",
					"@executable_path/Frameworks",
				);
				MARKETING_VERSION = 1.0;
				PRODUCT_BUNDLE_IDENTIFIER = ru.uniqore.VKVideo;
				PRODUCT_NAME = "$(TARGET_NAME)";
				SWIFT_EMIT_LOC_STRINGS = YES;
				SWIFT_VERSION = 5.0;
				TARGETED_DEVICE_FAMILY = "1,2";
			};
			name = Release;
		};
		FCA002DD281C0BEE0036EF39 /* Debug */ = {
			isa = XCBuildConfiguration;
			buildSettings = {
				ALWAYS_EMBED_SWIFT_STANDARD_LIBRARIES = YES;
				BUNDLE_LOADER = "$(TEST_HOST)";
				CODE_SIGN_STYLE = Automatic;
				CURRENT_PROJECT_VERSION = 1;
				DEVELOPMENT_TEAM = 77YBT3FFXS;
				GENERATE_INFOPLIST_FILE = YES;
				IPHONEOS_DEPLOYMENT_TARGET = 15.4;
				MARKETING_VERSION = 1.0;
				PRODUCT_BUNDLE_IDENTIFIER = ru.uniqore.VKVideoTests;
				PRODUCT_NAME = "$(TARGET_NAME)";
				SWIFT_EMIT_LOC_STRINGS = NO;
				SWIFT_VERSION = 5.0;
				TARGETED_DEVICE_FAMILY = "1,2";
				TEST_HOST = "$(BUILT_PRODUCTS_DIR)/VKVideo.app/VKVideo";
			};
			name = Debug;
		};
		FCA002DE281C0BEE0036EF39 /* Release */ = {
			isa = XCBuildConfiguration;
			buildSettings = {
				ALWAYS_EMBED_SWIFT_STANDARD_LIBRARIES = YES;
				BUNDLE_LOADER = "$(TEST_HOST)";
				CODE_SIGN_STYLE = Automatic;
				CURRENT_PROJECT_VERSION = 1;
				DEVELOPMENT_TEAM = 77YBT3FFXS;
				GENERATE_INFOPLIST_FILE = YES;
				IPHONEOS_DEPLOYMENT_TARGET = 15.4;
				MARKETING_VERSION = 1.0;
				PRODUCT_BUNDLE_IDENTIFIER = ru.uniqore.VKVideoTests;
				PRODUCT_NAME = "$(TARGET_NAME)";
				SWIFT_EMIT_LOC_STRINGS = NO;
				SWIFT_VERSION = 5.0;
				TARGETED_DEVICE_FAMILY = "1,2";
				TEST_HOST = "$(BUILT_PRODUCTS_DIR)/VKVideo.app/VKVideo";
			};
			name = Release;
		};
		FCA002E0281C0BEE0036EF39 /* Debug */ = {
			isa = XCBuildConfiguration;
			buildSettings = {
				ALWAYS_EMBED_SWIFT_STANDARD_LIBRARIES = YES;
				CODE_SIGN_STYLE = Automatic;
				CURRENT_PROJECT_VERSION = 1;
				DEVELOPMENT_TEAM = 77YBT3FFXS;
				GENERATE_INFOPLIST_FILE = YES;
				MARKETING_VERSION = 1.0;
				PRODUCT_BUNDLE_IDENTIFIER = ru.uniqore.VKVideoUITests;
				PRODUCT_NAME = "$(TARGET_NAME)";
				SWIFT_EMIT_LOC_STRINGS = NO;
				SWIFT_VERSION = 5.0;
				TARGETED_DEVICE_FAMILY = "1,2";
				TEST_TARGET_NAME = VKVideo;
			};
			name = Debug;
		};
		FCA002E1281C0BEE0036EF39 /* Release */ = {
			isa = XCBuildConfiguration;
			buildSettings = {
				ALWAYS_EMBED_SWIFT_STANDARD_LIBRARIES = YES;
				CODE_SIGN_STYLE = Automatic;
				CURRENT_PROJECT_VERSION = 1;
				DEVELOPMENT_TEAM = 77YBT3FFXS;
				GENERATE_INFOPLIST_FILE = YES;
				MARKETING_VERSION = 1.0;
				PRODUCT_BUNDLE_IDENTIFIER = ru.uniqore.VKVideoUITests;
				PRODUCT_NAME = "$(TARGET_NAME)";
				SWIFT_EMIT_LOC_STRINGS = NO;
				SWIFT_VERSION = 5.0;
				TARGETED_DEVICE_FAMILY = "1,2";
				TEST_TARGET_NAME = VKVideo;
			};
			name = Release;
		};
/* End XCBuildConfiguration section */

/* Begin XCConfigurationList section */
		FCA002B0281C0BEB0036EF39 /* Build configuration list for PBXProject "VKVideo" */ = {
			isa = XCConfigurationList;
			buildConfigurations = (
				FCA002D7281C0BEE0036EF39 /* Debug */,
				FCA002D8281C0BEE0036EF39 /* Release */,
			);
			defaultConfigurationIsVisible = 0;
			defaultConfigurationName = Release;
		};
		FCA002D9281C0BEE0036EF39 /* Build configuration list for PBXNativeTarget "VKVideo" */ = {
			isa = XCConfigurationList;
			buildConfigurations = (
				FCA002DA281C0BEE0036EF39 /* Debug */,
				FCA002DB281C0BEE0036EF39 /* Release */,
			);
			defaultConfigurationIsVisible = 0;
			defaultConfigurationName = Release;
		};
		FCA002DC281C0BEE0036EF39 /* Build configuration list for PBXNativeTarget "VKVideoTests" */ = {
			isa = XCConfigurationList;
			buildConfigurations = (
				FCA002DD281C0BEE0036EF39 /* Debug */,
				FCA002DE281C0BEE0036EF39 /* Release */,
			);
			defaultConfigurationIsVisible = 0;
			defaultConfigurationName = Release;
		};
		FCA002DF281C0BEE0036EF39 /* Build configuration list for PBXNativeTarget "VKVideoUITests" */ = {
			isa = XCConfigurationList;
			buildConfigurations = (
				FCA002E0281C0BEE0036EF39 /* Debug */,
				FCA002E1281C0BEE0036EF39 /* Release */,
			);
			defaultConfigurationIsVisible = 0;
			defaultConfigurationName = Release;
		};
/* End XCConfigurationList section */
	};
	rootObject = FCA002AD281C0BEB0036EF39 /* Project object */;
}
